// !$*UTF8*$!
{
	archiveVersion = 1;
	classes = {
	};
	objectVersion = 51;
	objects = {

/* Begin PBXBuildFile section */
		8554B4CF3B638C07B23FF1F2 /* Pods_Lost.framework in Frameworks */ = {isa = PBXBuildFile; fileRef = E7D183BCCDAD3CDEA62355D6 /* Pods_Lost.framework */; };
		914D6B17253EB6A000F3AB97 /* CoreLocation.framework in Frameworks */ = {isa = PBXBuildFile; fileRef = 914D6B16253EB6A000F3AB97 /* CoreLocation.framework */; };
		914D6B192542E67200F3AB97 /* ShowPostViewController.swift in Sources */ = {isa = PBXBuildFile; fileRef = 914D6B182542E67200F3AB97 /* ShowPostViewController.swift */; };
		914D6B1B2542EF1700F3AB97 /* PostData.swift in Sources */ = {isa = PBXBuildFile; fileRef = 914D6B1A2542EF1700F3AB97 /* PostData.swift */; };
		914D6B1D254447E800F3AB97 /* StickPinViewController.swift in Sources */ = {isa = PBXBuildFile; fileRef = 914D6B1C254447E700F3AB97 /* StickPinViewController.swift */; };
		914D6B21254AF09300F3AB97 /* GoogleService-Info.plist in Resources */ = {isa = PBXBuildFile; fileRef = 914D6B20254AF09300F3AB97 /* GoogleService-Info.plist */; };
		9191572A253961BF00AA5CA0 /* AppDelegate.swift in Sources */ = {isa = PBXBuildFile; fileRef = 91915729253961BF00AA5CA0 /* AppDelegate.swift */; };
		9191572C253961BF00AA5CA0 /* SceneDelegate.swift in Sources */ = {isa = PBXBuildFile; fileRef = 9191572B253961BF00AA5CA0 /* SceneDelegate.swift */; };
		91915731253961BF00AA5CA0 /* Main.storyboard in Resources */ = {isa = PBXBuildFile; fileRef = 9191572F253961BF00AA5CA0 /* Main.storyboard */; };
		91915733253961C700AA5CA0 /* Assets.xcassets in Resources */ = {isa = PBXBuildFile; fileRef = 91915732253961C700AA5CA0 /* Assets.xcassets */; };
		91915736253961C700AA5CA0 /* LaunchScreen.storyboard in Resources */ = {isa = PBXBuildFile; fileRef = 91915734253961C700AA5CA0 /* LaunchScreen.storyboard */; };
		9191573E2539637300AA5CA0 /* LoginViewController.swift in Sources */ = {isa = PBXBuildFile; fileRef = 9191573D2539637300AA5CA0 /* LoginViewController.swift */; };
		91915742253963B700AA5CA0 /* ImageSelectViewController.swift in Sources */ = {isa = PBXBuildFile; fileRef = 91915741253963B700AA5CA0 /* ImageSelectViewController.swift */; };
		91915744253963F100AA5CA0 /* SearchViewController.swift in Sources */ = {isa = PBXBuildFile; fileRef = 91915743253963F100AA5CA0 /* SearchViewController.swift */; };
		919157462539641900AA5CA0 /* PostViewController.swift in Sources */ = {isa = PBXBuildFile; fileRef = 919157452539641900AA5CA0 /* PostViewController.swift */; };
		919157482539642D00AA5CA0 /* SettingViewController.swift in Sources */ = {isa = PBXBuildFile; fileRef = 919157472539642D00AA5CA0 /* SettingViewController.swift */; };
		91915754253D471A00AA5CA0 /* Const.swift in Sources */ = {isa = PBXBuildFile; fileRef = 91915753253D471A00AA5CA0 /* Const.swift */; };
/* End PBXBuildFile section */

/* Begin PBXFileReference section */
		12C95BF2995308AFF41B4656 /* Pods-Lost.debug.xcconfig */ = {isa = PBXFileReference; includeInIndex = 1; lastKnownFileType = text.xcconfig; name = "Pods-Lost.debug.xcconfig"; path = "Target Support Files/Pods-Lost/Pods-Lost.debug.xcconfig"; sourceTree = "<group>"; };
		2C03D68D74C0B008E6611B3E /* Pods-Lost.release.xcconfig */ = {isa = PBXFileReference; includeInIndex = 1; lastKnownFileType = text.xcconfig; name = "Pods-Lost.release.xcconfig"; path = "Target Support Files/Pods-Lost/Pods-Lost.release.xcconfig"; sourceTree = "<group>"; };
		914D6B16253EB6A000F3AB97 /* CoreLocation.framework */ = {isa = PBXFileReference; lastKnownFileType = wrapper.framework; name = CoreLocation.framework; path = System/Library/Frameworks/CoreLocation.framework; sourceTree = SDKROOT; };
		914D6B182542E67200F3AB97 /* ShowPostViewController.swift */ = {isa = PBXFileReference; lastKnownFileType = sourcecode.swift; path = ShowPostViewController.swift; sourceTree = "<group>"; };
		914D6B1A2542EF1700F3AB97 /* PostData.swift */ = {isa = PBXFileReference; lastKnownFileType = sourcecode.swift; path = PostData.swift; sourceTree = "<group>"; };
		914D6B1C254447E700F3AB97 /* StickPinViewController.swift */ = {isa = PBXFileReference; lastKnownFileType = sourcecode.swift; path = StickPinViewController.swift; sourceTree = "<group>"; };
		914D6B20254AF09300F3AB97 /* GoogleService-Info.plist */ = {isa = PBXFileReference; fileEncoding = 4; lastKnownFileType = text.plist.xml; path = "GoogleService-Info.plist"; sourceTree = "<group>"; };
		91915726253961BF00AA5CA0 /* Lost.app */ = {isa = PBXFileReference; explicitFileType = wrapper.application; includeInIndex = 0; path = Lost.app; sourceTree = BUILT_PRODUCTS_DIR; };
		91915729253961BF00AA5CA0 /* AppDelegate.swift */ = {isa = PBXFileReference; lastKnownFileType = sourcecode.swift; path = AppDelegate.swift; sourceTree = "<group>"; };
		9191572B253961BF00AA5CA0 /* SceneDelegate.swift */ = {isa = PBXFileReference; lastKnownFileType = sourcecode.swift; path = SceneDelegate.swift; sourceTree = "<group>"; };
		91915730253961BF00AA5CA0 /* Base */ = {isa = PBXFileReference; lastKnownFileType = file.storyboard; name = Base; path = Base.lproj/Main.storyboard; sourceTree = "<group>"; };
		91915732253961C700AA5CA0 /* Assets.xcassets */ = {isa = PBXFileReference; lastKnownFileType = folder.assetcatalog; path = Assets.xcassets; sourceTree = "<group>"; };
		91915735253961C700AA5CA0 /* Base */ = {isa = PBXFileReference; lastKnownFileType = file.storyboard; name = Base; path = Base.lproj/LaunchScreen.storyboard; sourceTree = "<group>"; };
		91915737253961C700AA5CA0 /* Info.plist */ = {isa = PBXFileReference; lastKnownFileType = text.plist.xml; path = Info.plist; sourceTree = "<group>"; };
		9191573D2539637300AA5CA0 /* LoginViewController.swift */ = {isa = PBXFileReference; lastKnownFileType = sourcecode.swift; path = LoginViewController.swift; sourceTree = "<group>"; };
		91915741253963B700AA5CA0 /* ImageSelectViewController.swift */ = {isa = PBXFileReference; lastKnownFileType = sourcecode.swift; path = ImageSelectViewController.swift; sourceTree = "<group>"; };
		91915743253963F100AA5CA0 /* SearchViewController.swift */ = {isa = PBXFileReference; lastKnownFileType = sourcecode.swift; path = SearchViewController.swift; sourceTree = "<group>"; };
		919157452539641900AA5CA0 /* PostViewController.swift */ = {isa = PBXFileReference; lastKnownFileType = sourcecode.swift; path = PostViewController.swift; sourceTree = "<group>"; };
		919157472539642D00AA5CA0 /* SettingViewController.swift */ = {isa = PBXFileReference; lastKnownFileType = sourcecode.swift; path = SettingViewController.swift; sourceTree = "<group>"; };
		91915753253D471A00AA5CA0 /* Const.swift */ = {isa = PBXFileReference; lastKnownFileType = sourcecode.swift; path = Const.swift; sourceTree = "<group>"; };
		E7D183BCCDAD3CDEA62355D6 /* Pods_Lost.framework */ = {isa = PBXFileReference; explicitFileType = wrapper.framework; includeInIndex = 0; path = Pods_Lost.framework; sourceTree = BUILT_PRODUCTS_DIR; };
/* End PBXFileReference section */

/* Begin PBXFrameworksBuildPhase section */
		91915723253961BF00AA5CA0 /* Frameworks */ = {
			isa = PBXFrameworksBuildPhase;
			buildActionMask = 2147483647;
			files = (
				914D6B17253EB6A000F3AB97 /* CoreLocation.framework in Frameworks */,
				8554B4CF3B638C07B23FF1F2 /* Pods_Lost.framework in Frameworks */,
			);
			runOnlyForDeploymentPostprocessing = 0;
		};
/* End PBXFrameworksBuildPhase section */

/* Begin PBXGroup section */
		9191571D253961BF00AA5CA0 = {
			isa = PBXGroup;
			children = (
				91915728253961BF00AA5CA0 /* Lost */,
				91915727253961BF00AA5CA0 /* Products */,
				B779E49891640BF700C4278B /* Pods */,
				E67157C6C3D3E60E84459DA1 /* Frameworks */,
			);
			sourceTree = "<group>";
		};
		91915727253961BF00AA5CA0 /* Products */ = {
			isa = PBXGroup;
			children = (
				91915726253961BF00AA5CA0 /* Lost.app */,
			);
			name = Products;
			sourceTree = "<group>";
		};
		91915728253961BF00AA5CA0 /* Lost */ = {
			isa = PBXGroup;
			children = (
				91915729253961BF00AA5CA0 /* AppDelegate.swift */,
				9191572B253961BF00AA5CA0 /* SceneDelegate.swift */,
				914D6B182542E67200F3AB97 /* ShowPostViewController.swift */,
				9191573D2539637300AA5CA0 /* LoginViewController.swift */,
				914D6B1A2542EF1700F3AB97 /* PostData.swift */,
				91915753253D471A00AA5CA0 /* Const.swift */,
				914D6B1C254447E700F3AB97 /* StickPinViewController.swift */,
				91915741253963B700AA5CA0 /* ImageSelectViewController.swift */,
				919157472539642D00AA5CA0 /* SettingViewController.swift */,
				919157452539641900AA5CA0 /* PostViewController.swift */,
				91915743253963F100AA5CA0 /* SearchViewController.swift */,
				9191572F253961BF00AA5CA0 /* Main.storyboard */,
				91915732253961C700AA5CA0 /* Assets.xcassets */,
				91915734253961C700AA5CA0 /* LaunchScreen.storyboard */,
				91915737253961C700AA5CA0 /* Info.plist */,
				914D6B20254AF09300F3AB97 /* GoogleService-Info.plist */,
			);
			path = Lost;
			sourceTree = "<group>";
		};
		B779E49891640BF700C4278B /* Pods */ = {
			isa = PBXGroup;
			children = (
				12C95BF2995308AFF41B4656 /* Pods-Lost.debug.xcconfig */,
				2C03D68D74C0B008E6611B3E /* Pods-Lost.release.xcconfig */,
			);
			path = Pods;
			sourceTree = "<group>";
		};
		E67157C6C3D3E60E84459DA1 /* Frameworks */ = {
			isa = PBXGroup;
			children = (
				914D6B16253EB6A000F3AB97 /* CoreLocation.framework */,
				E7D183BCCDAD3CDEA62355D6 /* Pods_Lost.framework */,
			);
			name = Frameworks;
			sourceTree = "<group>";
		};
/* End PBXGroup section */

/* Begin PBXNativeTarget section */
		91915725253961BF00AA5CA0 /* Lost */ = {
			isa = PBXNativeTarget;
			buildConfigurationList = 9191573A253961C700AA5CA0 /* Build configuration list for PBXNativeTarget "Lost" */;
			buildPhases = (
				A25CB1C89318762C3C5332E0 /* [CP] Check Pods Manifest.lock */,
				91915722253961BF00AA5CA0 /* Sources */,
				91915723253961BF00AA5CA0 /* Frameworks */,
				91915724253961BF00AA5CA0 /* Resources */,
				F61EF34D09EA76D3F4F3AC32 /* [CP] Embed Pods Frameworks */,
				E4C9C87FDEE42D7BB0DFEBCA /* [CP] Copy Pods Resources */,
			);
			buildRules = (
			);
			dependencies = (
			);
			name = Lost;
			productName = Lost;
			productReference = 91915726253961BF00AA5CA0 /* Lost.app */;
			productType = "com.apple.product-type.application";
		};
/* End PBXNativeTarget section */

/* Begin PBXProject section */
		9191571E253961BF00AA5CA0 /* Project object */ = {
			isa = PBXProject;
			attributes = {
				LastSwiftUpdateCheck = 1150;
				LastUpgradeCheck = 1150;
				ORGANIZATIONNAME = kai.nakao;
				TargetAttributes = {
					91915725253961BF00AA5CA0 = {
						CreatedOnToolsVersion = 11.5;
					};
				};
			};
			buildConfigurationList = 91915721253961BF00AA5CA0 /* Build configuration list for PBXProject "Lost" */;
			compatibilityVersion = "Xcode 9.3";
			developmentRegion = en;
			hasScannedForEncodings = 0;
			knownRegions = (
				en,
				Base,
			);
			mainGroup = 9191571D253961BF00AA5CA0;
			productRefGroup = 91915727253961BF00AA5CA0 /* Products */;
			projectDirPath = "";
			projectRoot = "";
			targets = (
				91915725253961BF00AA5CA0 /* Lost */,
			);
		};
/* End PBXProject section */

/* Begin PBXResourcesBuildPhase section */
		91915724253961BF00AA5CA0 /* Resources */ = {
			isa = PBXResourcesBuildPhase;
			buildActionMask = 2147483647;
			files = (
				91915736253961C700AA5CA0 /* LaunchScreen.storyboard in Resources */,
				91915733253961C700AA5CA0 /* Assets.xcassets in Resources */,
				91915731253961BF00AA5CA0 /* Main.storyboard in Resources */,
				914D6B21254AF09300F3AB97 /* GoogleService-Info.plist in Resources */,
			);
			runOnlyForDeploymentPostprocessing = 0;
		};
/* End PBXResourcesBuildPhase section */

/* Begin PBXShellScriptBuildPhase section */
		A25CB1C89318762C3C5332E0 /* [CP] Check Pods Manifest.lock */ = {
			isa = PBXShellScriptBuildPhase;
			buildActionMask = 2147483647;
			files = (
			);
			inputFileListPaths = (
			);
			inputPaths = (
				"${PODS_PODFILE_DIR_PATH}/Podfile.lock",
				"${PODS_ROOT}/Manifest.lock",
			);
			name = "[CP] Check Pods Manifest.lock";
			outputFileListPaths = (
			);
			outputPaths = (
				"$(DERIVED_FILE_DIR)/Pods-Lost-checkManifestLockResult.txt",
			);
			runOnlyForDeploymentPostprocessing = 0;
			shellPath = /bin/sh;
			shellScript = "diff \"${PODS_PODFILE_DIR_PATH}/Podfile.lock\" \"${PODS_ROOT}/Manifest.lock\" > /dev/null\nif [ $? != 0 ] ; then\n    # print error to STDERR\n    echo \"error: The sandbox is not in sync with the Podfile.lock. Run 'pod install' or update your CocoaPods installation.\" >&2\n    exit 1\nfi\n# This output is used by Xcode 'outputs' to avoid re-running this script phase.\necho \"SUCCESS\" > \"${SCRIPT_OUTPUT_FILE_0}\"\n";
			showEnvVarsInLog = 0;
		};
		E4C9C87FDEE42D7BB0DFEBCA /* [CP] Copy Pods Resources */ = {
			isa = PBXShellScriptBuildPhase;
			buildActionMask = 2147483647;
			files = (
			);
			inputFileListPaths = (
				"${PODS_ROOT}/Target Support Files/Pods-Lost/Pods-Lost-resources-${CONFIGURATION}-input-files.xcfilelist",
			);
			name = "[CP] Copy Pods Resources";
			outputFileListPaths = (
				"${PODS_ROOT}/Target Support Files/Pods-Lost/Pods-Lost-resources-${CONFIGURATION}-output-files.xcfilelist",
			);
			runOnlyForDeploymentPostprocessing = 0;
			shellPath = /bin/sh;
			shellScript = "\"${PODS_ROOT}/Target Support Files/Pods-Lost/Pods-Lost-resources.sh\"\n";
			showEnvVarsInLog = 0;
		};
		F61EF34D09EA76D3F4F3AC32 /* [CP] Embed Pods Frameworks */ = {
			isa = PBXShellScriptBuildPhase;
			buildActionMask = 2147483647;
			files = (
			);
			inputFileListPaths = (
				"${PODS_ROOT}/Target Support Files/Pods-Lost/Pods-Lost-frameworks-${CONFIGURATION}-input-files.xcfilelist",
			);
			name = "[CP] Embed Pods Frameworks";
			outputFileListPaths = (
				"${PODS_ROOT}/Target Support Files/Pods-Lost/Pods-Lost-frameworks-${CONFIGURATION}-output-files.xcfilelist",
			);
			runOnlyForDeploymentPostprocessing = 0;
			shellPath = /bin/sh;
			shellScript = "\"${PODS_ROOT}/Target Support Files/Pods-Lost/Pods-Lost-frameworks.sh\"\n";
			showEnvVarsInLog = 0;
		};
/* End PBXShellScriptBuildPhase section */

/* Begin PBXSourcesBuildPhase section */
		91915722253961BF00AA5CA0 /* Sources */ = {
			isa = PBXSourcesBuildPhase;
			buildActionMask = 2147483647;
			files = (
				91915744253963F100AA5CA0 /* SearchViewController.swift in Sources */,
				91915742253963B700AA5CA0 /* ImageSelectViewController.swift in Sources */,
				914D6B192542E67200F3AB97 /* ShowPostViewController.swift in Sources */,
				919157462539641900AA5CA0 /* PostViewController.swift in Sources */,
				919157482539642D00AA5CA0 /* SettingViewController.swift in Sources */,
				9191573E2539637300AA5CA0 /* LoginViewController.swift in Sources */,
				9191572A253961BF00AA5CA0 /* AppDelegate.swift in Sources */,
				9191572C253961BF00AA5CA0 /* SceneDelegate.swift in Sources */,
				914D6B1B2542EF1700F3AB97 /* PostData.swift in Sources */,
				91915754253D471A00AA5CA0 /* Const.swift in Sources */,
				914D6B1D254447E800F3AB97 /* StickPinViewController.swift in Sources */,
			);
			runOnlyForDeploymentPostprocessing = 0;
		};
/* End PBXSourcesBuildPhase section */

/* Begin PBXVariantGroup section */
		9191572F253961BF00AA5CA0 /* Main.storyboard */ = {
			isa = PBXVariantGroup;
			children = (
				91915730253961BF00AA5CA0 /* Base */,
			);
			name = Main.storyboard;
			sourceTree = "<group>";
		};
		91915734253961C700AA5CA0 /* LaunchScreen.storyboard */ = {
			isa = PBXVariantGroup;
			children = (
				91915735253961C700AA5CA0 /* Base */,
			);
			name = LaunchScreen.storyboard;
			sourceTree = "<group>";
		};
/* End PBXVariantGroup section */

/* Begin XCBuildConfiguration section */
		91915738253961C700AA5CA0 /* Debug */ = {
			isa = XCBuildConfiguration;
			buildSettings = {
				ALWAYS_SEARCH_USER_PATHS = NO;
				CLANG_ANALYZER_NONNULL = YES;
				CLANG_ANALYZER_NUMBER_OBJECT_CONVERSION = YES_AGGRESSIVE;
				CLANG_CXX_LANGUAGE_STANDARD = "gnu++14";
				CLANG_CXX_LIBRARY = "libc++";
				CLANG_ENABLE_MODULES = YES;
				CLANG_ENABLE_OBJC_ARC = YES;
				CLANG_ENABLE_OBJC_WEAK = YES;
				CLANG_WARN_BLOCK_CAPTURE_AUTORELEASING = YES;
				CLANG_WARN_BOOL_CONVERSION = YES;
				CLANG_WARN_COMMA = YES;
				CLANG_WARN_CONSTANT_CONVERSION = YES;
				CLANG_WARN_DEPRECATED_OBJC_IMPLEMENTATIONS = YES;
				CLANG_WARN_DIRECT_OBJC_ISA_USAGE = YES_ERROR;
				CLANG_WARN_DOCUMENTATION_COMMENTS = YES;
				CLANG_WARN_EMPTY_BODY = YES;
				CLANG_WARN_ENUM_CONVERSION = YES;
				CLANG_WARN_INFINITE_RECURSION = YES;
				CLANG_WARN_INT_CONVERSION = YES;
				CLANG_WARN_NON_LITERAL_NULL_CONVERSION = YES;
				CLANG_WARN_OBJC_IMPLICIT_RETAIN_SELF = YES;
				CLANG_WARN_OBJC_LITERAL_CONVERSION = YES;
				CLANG_WARN_OBJC_ROOT_CLASS = YES_ERROR;
				CLANG_WARN_RANGE_LOOP_ANALYSIS = YES;
				CLANG_WARN_STRICT_PROTOTYPES = YES;
				CLANG_WARN_SUSPICIOUS_MOVE = YES;
				CLANG_WARN_UNGUARDED_AVAILABILITY = YES_AGGRESSIVE;
				CLANG_WARN_UNREACHABLE_CODE = YES;
				CLANG_WARN__DUPLICATE_METHOD_MATCH = YES;
				COPY_PHASE_STRIP = NO;
				DEBUG_INFORMATION_FORMAT = dwarf;
				ENABLE_STRICT_OBJC_MSGSEND = YES;
				ENABLE_TESTABILITY = YES;
				GCC_C_LANGUAGE_STANDARD = gnu11;
				GCC_DYNAMIC_NO_PIC = NO;
				GCC_NO_COMMON_BLOCKS = YES;
				GCC_OPTIMIZATION_LEVEL = 0;
				GCC_PREPROCESSOR_DEFINITIONS = (
					"DEBUG=1",
					"$(inherited)",
				);
				GCC_WARN_64_TO_32_BIT_CONVERSION = YES;
				GCC_WARN_ABOUT_RETURN_TYPE = YES_ERROR;
				GCC_WARN_UNDECLARED_SELECTOR = YES;
				GCC_WARN_UNINITIALIZED_AUTOS = YES_AGGRESSIVE;
				GCC_WARN_UNUSED_FUNCTION = YES;
				GCC_WARN_UNUSED_VARIABLE = YES;
				IPHONEOS_DEPLOYMENT_TARGET = 13.5;
				MTL_ENABLE_DEBUG_INFO = INCLUDE_SOURCE;
				MTL_FAST_MATH = YES;
				ONLY_ACTIVE_ARCH = YES;
				SDKROOT = iphoneos;
				SWIFT_ACTIVE_COMPILATION_CONDITIONS = DEBUG;
				SWIFT_OPTIMIZATION_LEVEL = "-Onone";
			};
			name = Debug;
		};
		91915739253961C700AA5CA0 /* Release */ = {
			isa = XCBuildConfiguration;
			buildSettings = {
				ALWAYS_SEARCH_USER_PATHS = NO;
				CLANG_ANALYZER_NONNULL = YES;
				CLANG_ANALYZER_NUMBER_OBJECT_CONVERSION = YES_AGGRESSIVE;
				CLANG_CXX_LANGUAGE_STANDARD = "gnu++14";
				CLANG_CXX_LIBRARY = "libc++";
				CLANG_ENABLE_MODULES = YES;
				CLANG_ENABLE_OBJC_ARC = YES;
				CLANG_ENABLE_OBJC_WEAK = YES;
				CLANG_WARN_BLOCK_CAPTURE_AUTORELEASING = YES;
				CLANG_WARN_BOOL_CONVERSION = YES;
				CLANG_WARN_COMMA = YES;
				CLANG_WARN_CONSTANT_CONVERSION = YES;
				CLANG_WARN_DEPRECATED_OBJC_IMPLEMENTATIONS = YES;
				CLANG_WARN_DIRECT_OBJC_ISA_USAGE = YES_ERROR;
				CLANG_WARN_DOCUMENTATION_COMMENTS = YES;
				CLANG_WARN_EMPTY_BODY = YES;
				CLANG_WARN_ENUM_CONVERSION = YES;
				CLANG_WARN_INFINITE_RECURSION = YES;
				CLANG_WARN_INT_CONVERSION = YES;
				CLANG_WARN_NON_LITERAL_NULL_CONVERSION = YES;
				CLANG_WARN_OBJC_IMPLICIT_RETAIN_SELF = YES;
				CLANG_WARN_OBJC_LITERAL_CONVERSION = YES;
				CLANG_WARN_OBJC_ROOT_CLASS = YES_ERROR;
				CLANG_WARN_RANGE_LOOP_ANALYSIS = YES;
				CLANG_WARN_STRICT_PROTOTYPES = YES;
				CLANG_WARN_SUSPICIOUS_MOVE = YES;
				CLANG_WARN_UNGUARDED_AVAILABILITY = YES_AGGRESSIVE;
				CLANG_WARN_UNREACHABLE_CODE = YES;
				CLANG_WARN__DUPLICATE_METHOD_MATCH = YES;
				COPY_PHASE_STRIP = NO;
				DEBUG_INFORMATION_FORMAT = "dwarf-with-dsym";
				ENABLE_NS_ASSERTIONS = NO;
				ENABLE_STRICT_OBJC_MSGSEND = YES;
				GCC_C_LANGUAGE_STANDARD = gnu11;
				GCC_NO_COMMON_BLOCKS = YES;
				GCC_WARN_64_TO_32_BIT_CONVERSION = YES;
				GCC_WARN_ABOUT_RETURN_TYPE = YES_ERROR;
				GCC_WARN_UNDECLARED_SELECTOR = YES;
				GCC_WARN_UNINITIALIZED_AUTOS = YES_AGGRESSIVE;
				GCC_WARN_UNUSED_FUNCTION = YES;
				GCC_WARN_UNUSED_VARIABLE = YES;
				IPHONEOS_DEPLOYMENT_TARGET = 13.5;
				MTL_ENABLE_DEBUG_INFO = NO;
				MTL_FAST_MATH = YES;
				SDKROOT = iphoneos;
				SWIFT_COMPILATION_MODE = wholemodule;
				SWIFT_OPTIMIZATION_LEVEL = "-O";
				VALIDATE_PRODUCT = YES;
			};
			name = Release;
		};
		9191573B253961C700AA5CA0 /* Debug */ = {
			isa = XCBuildConfiguration;
			baseConfigurationReference = 12C95BF2995308AFF41B4656 /* Pods-Lost.debug.xcconfig */;
			buildSettings = {
				ASSETCATALOG_COMPILER_APPICON_NAME = AppIcon;
				CODE_SIGN_STYLE = Automatic;
				DEVELOPMENT_TEAM = 3888D2S837;
				INFOPLIST_FILE = Lost/Info.plist;
				LD_RUNPATH_SEARCH_PATHS = (
					"$(inherited)",
					"@executable_path/Frameworks",
				);
				PRODUCT_BUNDLE_IDENTIFIER = jp.techacademy.kai.nakao.Lost;
				PRODUCT_NAME = "$(TARGET_NAME)";
				SWIFT_VERSION = 5.0;
				TARGETED_DEVICE_FAMILY = 1;
			};
			name = Debug;
		};
		9191573C253961C700AA5CA0 /* Release */ = {
			isa = XCBuildConfiguration;
			baseConfigurationReference = 2C03D68D74C0B008E6611B3E /* Pods-Lost.release.xcconfig */;
			buildSettings = {
				ASSETCATALOG_COMPILER_APPICON_NAME = AppIcon;
				CODE_SIGN_STYLE = Automatic;
				DEVELOPMENT_TEAM = 3888D2S837;
				INFOPLIST_FILE = Lost/Info.plist;
				LD_RUNPATH_SEARCH_PATHS = (
					"$(inherited)",
					"@executable_path/Frameworks",
				);
				PRODUCT_BUNDLE_IDENTIFIER = jp.techacademy.kai.nakao.Lost;
				PRODUCT_NAME = "$(TARGET_NAME)";
				SWIFT_VERSION = 5.0;
				TARGETED_DEVICE_FAMILY = 1;
			};
			name = Release;
		};
/* End XCBuildConfiguration section */

/* Begin XCConfigurationList section */
		91915721253961BF00AA5CA0 /* Build configuration list for PBXProject "Lost" */ = {
			isa = XCConfigurationList;
			buildConfigurations = (
				91915738253961C700AA5CA0 /* Debug */,
				91915739253961C700AA5CA0 /* Release */,
			);
			defaultConfigurationIsVisible = 0;
			defaultConfigurationName = Release;
		};
		9191573A253961C700AA5CA0 /* Build configuration list for PBXNativeTarget "Lost" */ = {
			isa = XCConfigurationList;
			buildConfigurations = (
				9191573B253961C700AA5CA0 /* Debug */,
				9191573C253961C700AA5CA0 /* Release */,
			);
			defaultConfigurationIsVisible = 0;
			defaultConfigurationName = Release;
		};
/* End XCConfigurationList section */
	};
	rootObject = 9191571E253961BF00AA5CA0 /* Project object */;
}
